lockfileVersion: '9.0'

settings:
  autoInstallPeers: true
  excludeLinksFromLockfile: false

importers:

  .:
    dependencies:
      '@js-temporal/polyfill':
        specifier: 0.5.1
        version: 0.5.1
      iztro:
        specifier: 2.6.1
        version: 2.6.1
      lunar-typescript:
        specifier: 1.8.6
        version: 1.8.6

packages:

  '@babel/runtime@7.29.7':
    resolution: {integrity: sha512-Nq8OhGWiZIZGV6hLHoyAKLLcJihP/xFeBMGJoUrxTX2psI8dCifzLhZISFb+VWS3wFMRDmCGw5R+dOySCqPLhw==}
    engines: {node: '>=6.9.0'}

  '@js-temporal/polyfill@0.5.1':
    resolution: {integrity: sha512-hloP58zRVCRSpgDxmqCWJNlizAlUgJFqG2ypq79DCvyv9tHjRYMDOcPFjzfl/A1/YxDvRCZz8wvZvmapQnKwFQ==}
    engines: {node: '>=12'}

  dayjs@1.11.23:
    resolution: {integrity: sha512-QDTCU0M0MxR3hQfnlDJfwekQiaanm1ubOD231u73WBckQ/fsamwRLiE2GBz6D3a/xF1NgfiDLJjXBa1hYOYTtQ==}

  i18next@23.16.8:
    resolution: {integrity: sha512-06r/TitrM88Mg5FdUXAKL96dJMzgqLE5dv3ryBAra4KCwD9mJ4ndOTS95ZuymIGoE+2hzfdaMak2X11/es7ZWg==}

  iztro@2.6.1:
    resolution: {integrity: sha512-IvGE/xsiAgcFyePUYMA55K2SEtBb84kA4XzPJeSKOefrmoqGPDgi/yGVIeHp8FcfkCR1IIovhNpNDrxuamJKOQ==}

  jsbi@4.3.2:
    resolution: {integrity: sha512-9fqMSQbhJykSeii05nxKl4m6Eqn2P6rOlYiS+C5Dr/HPIU/7yZxu5qzbs40tgaFORiw2Amd0mirjxatXYMkIew==}

  lunar-lite@0.2.8:
    resolution: {integrity: sha512-Y4tba4RaIFI0ikImJhgoEsyqtDE64lJIM3yFwRX01dbmagCDq7rNmpDQFrSFFy4WXeuywdRVFpIBoT1GGCEizw==}

  lunar-typescript@1.8.6:
    resolution: {integrity: sha512-5Eo4T/cnuXfrgO4k5LCpOGHIUOuz5hCF/IfNv0T29WY2shR36Hiz+ecN9WjnUuxUKhql9gbOkPaQoqLFKtPRNA==}

snapshots:

  '@babel/runtime@7.29.7': {}

  '@js-temporal/polyfill@0.5.1':
    dependencies:
      jsbi: 4.3.2

  dayjs@1.11.23: {}

  i18next@23.16.8:
    dependencies:
      '@babel/runtime': 7.29.7

  iztro@2.6.1:
    dependencies:
      dayjs: 1.11.23
      i18next: 23.16.8
      lunar-lite: 0.2.8
      lunar-typescript: 1.8.6

  jsbi@4.3.2: {}

  lunar-lite@0.2.8:
    dependencies:
      lunar-typescript: 1.8.6

  lunar-typescript@1.8.6: {}
